
Microsoft Visual Studio Solution File, Format Version 12.00
# Visual Studio Version 17
VisualStudioVersion = 17.2.32519.379
MinimumVisualStudioVersion = 10.0.40219.1
Project("{9A19103F-16F7-4668-BE54-9A1E7A4F7556}") = "ConsoleApp1", "ConsoleApp1\ConsoleApp1.csproj", "{FA5B1C66-036F-4BB6-B9FE-2B840A4C69FD}"
EndProject
Project("{FAE04EC0-301F-11D3-BF4B-00C04F79EFBC}") = "TestProject1", "TestProject1\TestProject1.csproj", "{0335BDBF-2964-452A-AA83-2D6919081624}"
EndProject
Global
	GlobalSection(SolutionConfigurationPlatforms) = preSolution
		Debug|Any CPU = Debug|Any CPU
		Release|Any CPU = Release|Any CPU
	EndGlobalSection
	GlobalSection(ProjectConfigurationPlatforms) = postSolution
		{FA5B1C66-036F-4BB6-B9FE-2B840A4C69FD}.Debug|Any CPU.ActiveCfg = Debug|Any CPU
		{FA5B1C66-036F-4BB6-B9FE-2B840A4C69FD}.Debug|Any CPU.Build.0 = Debug|Any CPU
		{FA5B1C66-036F-4BB6-B9FE-2B840A4C69FD}.Release|Any CPU.ActiveCfg = Release|Any CPU
		{FA5B1C66-036F-4BB6-B9FE-2B840A4C69FD}.Release|Any CPU.Build.0 = Release|Any CPU
		{0335BDBF-2964-452A-AA83-2D6919081624}.Debug|Any CPU.ActiveCfg = Debug|Any CPU
		{0335BDBF-2964-452A-AA83-2D6919081624}.Debug|Any CPU.Build.0 = Debug|Any CPU
		{0335BDBF-2964-452A-AA83-2D6919081624}.Release|Any CPU.ActiveCfg = Release|Any CPU
		{0335BDBF-2964-452A-AA83-2D6919081624}.Release|Any CPU.Build.0 = Release|Any CPU
	EndGlobalSection
	GlobalSection(SolutionProperties) = preSolution
		HideSolutionNode = FALSE
	EndGlobalSection
	GlobalSection(ExtensibilityGlobals) = postSolution
		SolutionGuid = {61222245-936D-45EF-96DB-513144AFEF93}
	EndGlobalSection
EndGlobal
